
Microsoft Visual Studio Solution File, Format Version 12.00
# Visual Studio Version 17
VisualStudioVersion = 17.1.32210.238
MinimumVisualStudioVersion = 10.0.40219.1
Project("{FAE04EC0-301F-11D3-BF4B-00C04F79EFBC}") = "2020RC605-PRACTICA0402", "2020RC605-PRACTICA0402\2020RC605-PRACTICA0402.csproj", "{C6459B51-6344-4CBF-93A2-87F1B9925054}"
EndProject
Global
	GlobalSection(SolutionConfigurationPlatforms) = preSolution
		Debug|Any CPU = Debug|Any CPU
		Release|Any CPU = Release|Any CPU
	EndGlobalSection
	GlobalSection(ProjectConfigurationPlatforms) = postSolution
		{C6459B51-6344-4CBF-93A2-87F1B9925054}.Debug|Any CPU.ActiveCfg = Debug|Any CPU
		{C6459B51-6344-4CBF-93A2-87F1B9925054}.Debug|Any CPU.Build.0 = Debug|Any CPU
		{C6459B51-6344-4CBF-93A2-87F1B9925054}.Release|Any CPU.ActiveCfg = Release|Any CPU
		{C6459B51-6344-4CBF-93A2-87F1B9925054}.Release|Any CPU.Build.0 = Release|Any CPU
	EndGlobalSection
	GlobalSection(SolutionProperties) = preSolution
		HideSolutionNode = FALSE
	EndGlobalSection
	GlobalSection(ExtensibilityGlobals) = postSolution
		SolutionGuid = {8AEAAE53-38E8-4C96-B926-1FED0593BA41}
	EndGlobalSection
EndGlobal
